
Microsoft Visual Studio Solution File, Format Version 12.00
# Visual Studio Version 16
VisualStudioVersion = 16.0.30204.135
MinimumVisualStudioVersion = 10.0.40219.1
Project("{FAE04EC0-301F-11D3-BF4B-00C04F79EFBC}") = "HR.Website", "MVCforHRSystem\HR.Website.csproj", "{6E0222A8-D098-4A4A-AAB6-341371CD9D7C}"
EndProject
Global
	GlobalSection(SolutionConfigurationPlatforms) = preSolution
		Debug|Any CPU = Debug|Any CPU
		Release|Any CPU = Release|Any CPU
	EndGlobalSection
	GlobalSection(ProjectConfigurationPlatforms) = postSolution
		{6E0222A8-D098-4A4A-AAB6-341371CD9D7C}.Debug|Any CPU.ActiveCfg = Debug|Any CPU
		{6E0222A8-D098-4A4A-AAB6-341371CD9D7C}.Debug|Any CPU.Build.0 = Debug|Any CPU
		{6E0222A8-D098-4A4A-AAB6-341371CD9D7C}.Release|Any CPU.ActiveCfg = Release|Any CPU
		{6E0222A8-D098-4A4A-AAB6-341371CD9D7C}.Release|Any CPU.Build.0 = Release|Any CPU
	EndGlobalSection
	GlobalSection(SolutionProperties) = preSolution
		HideSolutionNode = FALSE
	EndGlobalSection
	GlobalSection(ExtensibilityGlobals) = postSolution
		SolutionGuid = {3AF60BEC-B2BB-4AF8-93D4-6C92E4595DC4}
	EndGlobalSection
EndGlobal
